apiVersion: bitnami.com/v1alpha1
kind: SealedSecret
metadata:
  creationTimestamp: null
  name: keycloak-credentials
  namespace: keycloak
spec:
  encryptedData:
    admin-password: AgAahQvC7WJ0AQuDEC1trSxEi2C8AeJwhz1nzH+44V6rt3lxiCjWzDJcIFsnXhQJDk+Cpn9vuyZarIgwUhegpJlkdILURnWa6Zc6XvbDCCBoQ2aqQWvMbG56DZdzK352G+taPny8/wAdXFAsDx3vSG0wfrmIU7Fo1IJKdvdKI204L+zJ8Msvkodoj9gt8Iq1ZkIGYk2jaN5eGuRr2g9qkCMPdInR/Vj9nrlUmS1w9MJv5Jr3djSkTaENucTpaqtl0dtJv7Br7mWZ6QTWKsuVa/UwaIm//wcw+RQh3QHqrau7KOeZdEy3xVJf8w5XkSQam/qcFL5MP1WYzLiuaGvQlsQlaI5ud9bFW/rFerGaOvWxs4elrFQjkxwqegyFPg41s8tTwA0/D46bhetRm+TzhXa/nAgsj9CI53SQhNFRsmNH3gQghsL2C8PS67b+Rk4kJ3XxPFegMRLZqNe55u5dN5eTsNyq0yDLaqf3extTogwtLMB4G68TwFxCVuMecoeRvFitl3WJyDtPGr2fWGhoOr3QzZn8hlw3e5+Kx3w1KATMd1WGonp2w+IIOe8nLMXQDHGAJaCG5u8BNjHhdIRS+0mDHp40jNSdaFlM9OrEpsnfUU25+H3cEn5f2Bd9OYzWWFrOr60CBvG3qIBnMytHOKtXC8vqrhSdtSScgqIqbcYGHFzts/fujc3IUvjeoGyrTGwB3o6DUTxD3+uMNsI=
    password: AgBruTBtb5AXviMuqM4eimlN6SwwJaXf3XBKX/2K7oYG8XTMJNq7135imrPULdvgR7rA5RLKXPiE5bZV/kkJhANbJuf/H4g6R0c0eBVEzoM+dlLHN5ktFrwAGaNsAim/UH5CmPATap8QtVfdBmQwBO1fdmCbtXqYJq0yhHSs7XeE+M8b408Sn2tr95i0/8wLqii4/as0B3Ecqrx8g66P0pPcMEsp3CuJTppchIQu35Ty6rKTHrwhcs2OZpfUu0oevAaVQwPulNYQ4tG6y+z2CT1bsJ3W7OS4HnhRtONiG8URlcrFgkBfwYQbofl781DskcjWxIlpOmyFl3m5riWrNHmznhalptScr7Eg+vxPHCeK5XjMD5Rg5z6YYPpfXwmq1rReCv9IWMaMV+0LdaTiU0JTKT6mfJxuZEtwBmU6N4Z00EIGghYFZ/xZ2Ld9jqfOl53QCapv2lqWN26+ZAr8FB7I0qQ7qWp2iMbaoKNZ2YMopjDQm8PEH328GXOuE+pPZM5V6rEw53urJn3pOf1ZUAEzoKo1zOqzU54Scg1xARHQI17RdyiR8+jbzmztV38orpf4jT/srxdPKUZKTI099kt+qB3YAkPrxgESq//fcIme1q2Ox1H3vVQydFRWXrDCXDX8WA1tdwKHBZwBhQJ5DKAXRRSLLXxGqmPG36WZ7du+KfPTIYpq+Mh2Hut750ALZ5XnMnioxc3OTLGzjiY=
    postgres-password: AgARK2JKzY8lXbAxBxZYkpjoKPY9wMFgVrVtaZpS5gs0p9M+pRdEhSPVfQxJ/MzrkadBWxaCd3ShracqQLy+WvnCXc3hI65TKKgTp6uwkGppWnKg2AA3JICwMDOdax/U2qbsKXjdbC0XEsRlJBCBaIZ3Tr5cbCx7eZYgg5RsBXGP3rz6joeV30CU6qH2Q466WsdHl7PECyroTwc9uQ1eTB96b5Tw+VS/uJjQv4EP0Yte9ljfxbpQofuf2DmiJCAcDsulJLhebwGVDjAX+sF01NBEJT3Oau3P9MwHDwuoOXZguK/RRE+vrkU/EfnsTaOJhGxgKGGV5DmM5HRkV74ezxbyh44UgkKkhw6SvjX8W8V08eZmBvJXGpsldsIM8QlV9nO+xJWMK9G62HCjL0TZb/QwbaQWXq/7u4Rl0QWtJA7FNdlJwkJhzQXhgMUYXjcC1R22iuq5qYLs/93Q2MMKpOcsyyMo2p/P2mTJSncPPZQjuwSr2WXnGAbMLfYSQ3aiCGJfbB0rRQeMVDv5rvtWlRb6jggycZcfVH2Zxe1ggjRoWT+mUMyIuC4L8MPe6JcZJljbN57499QRZfZM+EfqVT2lkvGokQNyHPF5cpbezbZAFkQCIBwF6C3laPAkwb2Kgk44yf+umznl6hNm8B8JLmkYmLQVZOlyZ++tscPrmD4CQxKJmlawZ8DVODfz8rVrwsd9CLfBd/Fn6iSnJo0=
  template:
    data: null
    metadata:
      creationTimestamp: null
      name: keycloak-credentials
      namespace: keycloak